{
  "name": "weldor",
  "version": "0.0.1",
  "lockfileVersion": 2,
  "requires": true,
  "packages": {
    "": {
      "name": "weldor",
      "version": "0.0.1",
      "license": "MIT",
      "dependencies": {
        "check-if-word": "^1.2.1"
      }
    },
    "node_modules/check-if-word": {
      "version": "1.2.1",
      "resolved": "https://registry.npmjs.org/check-if-word/-/check-if-word-1.2.1.tgz",
      "integrity": "sha512-FrB/d+r+ITgMjxGfIS1tE7OlfI2bNSARSCNyC6el23ESDP1ugP1MJPts0ecYawiO6xPE2msJhAYtqBgAMD8oPw=="
    }
  },
  "dependencies": {
    "check-if-word": {
      "version": "1.2.1",
      "resolved": "https://registry.npmjs.org/check-if-word/-/check-if-word-1.2.1.tgz",
      "integrity": "sha512-FrB/d+r+ITgMjxGfIS1tE7OlfI2bNSARSCNyC6el23ESDP1ugP1MJPts0ecYawiO6xPE2msJhAYtqBgAMD8oPw=="
    }
  }
}
